
Microsoft Visual Studio Solution File, Format Version 12.00
# Visual Studio 14
VisualStudioVersion = 14.0.25420.1
MinimumVisualStudioVersion = 10.0.40219.1
Project("{FAE04EC0-301F-11D3-BF4B-00C04F79EFBC}") = "KonzolnaAplikacija", "KonzolnaAplikacija\KonzolnaAplikacija.csproj", "{92B57589-A06F-4AE8-9E9F-7B9B2EBA848B}"
EndProject
Project("{FAE04EC0-301F-11D3-BF4B-00C04F79EFBC}") = "ClassLibrary1", "ClassLibrary1\ClassLibrary1.csproj", "{A074D329-1E2C-4471-B615-B2EF153CBF34}"
EndProject
Global
	GlobalSection(SolutionConfigurationPlatforms) = preSolution
		Debug|Any CPU = Debug|Any CPU
		Release|Any CPU = Release|Any CPU
	EndGlobalSection
	GlobalSection(ProjectConfigurationPlatforms) = postSolution
		{92B57589-A06F-4AE8-9E9F-7B9B2EBA848B}.Debug|Any CPU.ActiveCfg = Debug|Any CPU
		{92B57589-A06F-4AE8-9E9F-7B9B2EBA848B}.Debug|Any CPU.Build.0 = Debug|Any CPU
		{92B57589-A06F-4AE8-9E9F-7B9B2EBA848B}.Release|Any CPU.ActiveCfg = Release|Any CPU
		{92B57589-A06F-4AE8-9E9F-7B9B2EBA848B}.Release|Any CPU.Build.0 = Release|Any CPU
		{A074D329-1E2C-4471-B615-B2EF153CBF34}.Debug|Any CPU.ActiveCfg = Debug|Any CPU
		{A074D329-1E2C-4471-B615-B2EF153CBF34}.Debug|Any CPU.Build.0 = Debug|Any CPU
		{A074D329-1E2C-4471-B615-B2EF153CBF34}.Release|Any CPU.ActiveCfg = Release|Any CPU
		{A074D329-1E2C-4471-B615-B2EF153CBF34}.Release|Any CPU.Build.0 = Release|Any CPU
	EndGlobalSection
	GlobalSection(SolutionProperties) = preSolution
		HideSolutionNode = FALSE
	EndGlobalSection
EndGlobal
